{
  "version": 4,
  "terraform_version": "1.4.4",
  "serial": 59,
  "lineage": "3a6be610-d684-6281-c382-48107f16f616",
  "outputs": {
    "public_ip": {
      "value": "52.169.126.221",
      "type": "string"
    }
  },
  "resources": [
    {
      "mode": "managed",
      "type": "azurerm_network_interface",
      "name": "mewo-nic",
      "provider": "provider[\"registry.terraform.io/hashicorp/azurerm\"]",
      "instances": [
        {
          "schema_version": 0,
          "attributes": {
            "applied_dns_servers": [],
            "dns_servers": [],
            "edge_zone": "",
            "enable_accelerated_networking": false,
            "enable_ip_forwarding": false,
            "id": "/subscriptions/9315b2fe-f88d-44a9-b261-8ff3ba7d4e26/resourceGroups/sarah-resources/providers/Microsoft.Network/networkInterfaces/sarah-nic",
            "internal_dns_name_label": "",
            "internal_domain_name_suffix": "zk4s0z3l4gre1jxuqegrnhmikh.fx.internal.cloudapp.net",
            "ip_configuration": [
              {
                "gateway_load_balancer_frontend_ip_configuration_id": "",
                "name": "testconfiguration1",
                "primary": true,
                "private_ip_address": "10.0.2.4",
                "private_ip_address_allocation": "Dynamic",
                "private_ip_address_version": "IPv4",
                "public_ip_address_id": "/subscriptions/9315b2fe-f88d-44a9-b261-8ff3ba7d4e26/resourceGroups/sarah-resources/providers/Microsoft.Network/publicIPAddresses/sarah",
                "subnet_id": "/subscriptions/9315b2fe-f88d-44a9-b261-8ff3ba7d4e26/resourceGroups/sarah-resources/providers/Microsoft.Network/virtualNetworks/sarah-network/subnets/sarah-subnet"
              }
            ],
            "location": "northeurope",
            "mac_address": "00-0D-3A-D9-CA-C0",
            "name": "sarah-nic",
            "private_ip_address": "10.0.2.4",
            "private_ip_addresses": [
              "10.0.2.4"
            ],
            "resource_group_name": "sarah-resources",
            "tags": {
              "environment": "demo",
              "label": "Network Interface",
              "owner": "sarah",
              "project": "MEWO"
            },
            "timeouts": null,
            "virtual_machine_id": "/subscriptions/9315b2fe-f88d-44a9-b261-8ff3ba7d4e26/resourceGroups/sarah-resources/providers/Microsoft.Compute/virtualMachines/sarah-vm"
          },
          "sensitive_attributes": [],
          "private": "eyJlMmJmYjczMC1lY2FhLTExZTYtOGY4OC0zNDM2M2JjN2M0YzAiOnsiY3JlYXRlIjoxODAwMDAwMDAwMDAwLCJkZWxldGUiOjE4MDAwMDAwMDAwMDAsInJlYWQiOjMwMDAwMDAwMDAwMCwidXBkYXRlIjoxODAwMDAwMDAwMDAwfX0=",
          "dependencies": [
            "azurerm_public_ip.mewo-ip",
            "azurerm_resource_group.mewo-rg",
            "azurerm_subnet.mewo-subnet",
            "azurerm_virtual_network.mewo-vnet"
          ]
        }
      ]
    },
    {
      "mode": "managed",
      "type": "azurerm_network_security_group",
      "name": "mewo-nsg",
      "provider": "provider[\"registry.terraform.io/hashicorp/azurerm\"]",
      "instances": [
        {
          "schema_version": 0,
          "attributes": {
            "id": "/subscriptions/9315b2fe-f88d-44a9-b261-8ff3ba7d4e26/resourceGroups/sarah-resources/providers/Microsoft.Network/networkSecurityGroups/sarah-nsg",
            "location": "northeurope",
            "name": "sarah-nsg",
            "resource_group_name": "sarah-resources",
            "security_rule": [
              {
                "access": "Allow",
                "description": "",
                "destination_address_prefix": "*",
                "destination_address_prefixes": [],
                "destination_application_security_group_ids": [],
                "destination_port_range": "22",
                "destination_port_ranges": [],
                "direction": "Inbound",
                "name": "SSH",
                "priority": 1001,
                "protocol": "Tcp",
                "source_address_prefix": "*",
                "source_address_prefixes": [],
                "source_application_security_group_ids": [],
                "source_port_range": "*",
                "source_port_ranges": []
              }
            ],
            "tags": {
              "environment": "demo",
              "label": "Network Security Group",
              "owner": "sarah",
              "project": "MEWO"
            },
            "timeouts": null
          },
          "sensitive_attributes": [],
          "private": "eyJlMmJmYjczMC1lY2FhLTExZTYtOGY4OC0zNDM2M2JjN2M0YzAiOnsiY3JlYXRlIjoxODAwMDAwMDAwMDAwLCJkZWxldGUiOjE4MDAwMDAwMDAwMDAsInJlYWQiOjMwMDAwMDAwMDAwMCwidXBkYXRlIjoxODAwMDAwMDAwMDAwfX0=",
          "dependencies": [
            "azurerm_resource_group.mewo-rg"
          ]
        }
      ]
    },
    {
      "mode": "managed",
      "type": "azurerm_public_ip",
      "name": "mewo-ip",
      "provider": "provider[\"registry.terraform.io/hashicorp/azurerm\"]",
      "instances": [
        {
          "schema_version": 0,
          "attributes": {
            "allocation_method": "Dynamic",
            "ddos_protection_mode": "VirtualNetworkInherited",
            "ddos_protection_plan_id": null,
            "domain_name_label": null,
            "edge_zone": "",
            "fqdn": null,
            "id": "/subscriptions/9315b2fe-f88d-44a9-b261-8ff3ba7d4e26/resourceGroups/sarah-resources/providers/Microsoft.Network/publicIPAddresses/sarah",
            "idle_timeout_in_minutes": 4,
            "ip_address": "52.169.126.221",
            "ip_tags": {},
            "ip_version": "IPv4",
            "location": "northeurope",
            "name": "sarah",
            "public_ip_prefix_id": null,
            "resource_group_name": "sarah-resources",
            "reverse_fqdn": null,
            "sku": "Basic",
            "sku_tier": "Regional",
            "tags": {
              "environment": "demo",
              "label": "Public IP",
              "owner": "sarah",
              "project": "MEWO"
            },
            "timeouts": null,
            "zones": []
          },
          "sensitive_attributes": [],
          "private": "eyJlMmJmYjczMC1lY2FhLTExZTYtOGY4OC0zNDM2M2JjN2M0YzAiOnsiY3JlYXRlIjoxODAwMDAwMDAwMDAwLCJkZWxldGUiOjE4MDAwMDAwMDAwMDAsInJlYWQiOjMwMDAwMDAwMDAwMCwidXBkYXRlIjoxODAwMDAwMDAwMDAwfX0=",
          "dependencies": [
            "azurerm_resource_group.mewo-rg"
          ]
        }
      ]
    },
    {
      "mode": "managed",
      "type": "azurerm_resource_group",
      "name": "mewo-rg",
      "provider": "provider[\"registry.terraform.io/hashicorp/azurerm\"]",
      "instances": [
        {
          "schema_version": 0,
          "attributes": {
            "id": "/subscriptions/9315b2fe-f88d-44a9-b261-8ff3ba7d4e26/resourceGroups/sarah-resources",
            "location": "northeurope",
            "name": "sarah-resources",
            "tags": {
              "environment": "demo",
              "label": "Resource Group",
              "owner": "sarah",
              "project": "MEWO"
            },
            "timeouts": null
          },
          "sensitive_attributes": [],
          "private": "eyJlMmJmYjczMC1lY2FhLTExZTYtOGY4OC0zNDM2M2JjN2M0YzAiOnsiY3JlYXRlIjo1NDAwMDAwMDAwMDAwLCJkZWxldGUiOjU0MDAwMDAwMDAwMDAsInJlYWQiOjMwMDAwMDAwMDAwMCwidXBkYXRlIjo1NDAwMDAwMDAwMDAwfX0="
        }
      ]
    },
    {
      "mode": "managed",
      "type": "azurerm_subnet",
      "name": "mewo-subnet",
      "provider": "provider[\"registry.terraform.io/hashicorp/azurerm\"]",
      "instances": [
        {
          "schema_version": 0,
          "attributes": {
            "address_prefixes": [
              "10.0.2.0/24"
            ],
            "delegation": [],
            "enforce_private_link_endpoint_network_policies": false,
            "enforce_private_link_service_network_policies": false,
            "id": "/subscriptions/9315b2fe-f88d-44a9-b261-8ff3ba7d4e26/resourceGroups/sarah-resources/providers/Microsoft.Network/virtualNetworks/sarah-network/subnets/sarah-subnet",
            "name": "sarah-subnet",
            "private_endpoint_network_policies_enabled": true,
            "private_link_service_network_policies_enabled": true,
            "resource_group_name": "sarah-resources",
            "service_endpoint_policy_ids": [],
            "service_endpoints": [],
            "timeouts": null,
            "virtual_network_name": "sarah-network"
          },
          "sensitive_attributes": [],
          "private": "eyJlMmJmYjczMC1lY2FhLTExZTYtOGY4OC0zNDM2M2JjN2M0YzAiOnsiY3JlYXRlIjoxODAwMDAwMDAwMDAwLCJkZWxldGUiOjE4MDAwMDAwMDAwMDAsInJlYWQiOjMwMDAwMDAwMDAwMCwidXBkYXRlIjoxODAwMDAwMDAwMDAwfX0=",
          "dependencies": [
            "azurerm_resource_group.mewo-rg",
            "azurerm_virtual_network.mewo-vnet"
          ]
        }
      ]
    },
    {
      "mode": "managed",
      "type": "azurerm_subnet_network_security_group_association",
      "name": "nsg-subnet",
      "provider": "provider[\"registry.terraform.io/hashicorp/azurerm\"]",
      "instances": [
        {
          "schema_version": 0,
          "attributes": {
            "id": "/subscriptions/9315b2fe-f88d-44a9-b261-8ff3ba7d4e26/resourceGroups/sarah-resources/providers/Microsoft.Network/virtualNetworks/sarah-network/subnets/sarah-subnet",
            "network_security_group_id": "/subscriptions/9315b2fe-f88d-44a9-b261-8ff3ba7d4e26/resourceGroups/sarah-resources/providers/Microsoft.Network/networkSecurityGroups/sarah-nsg",
            "subnet_id": "/subscriptions/9315b2fe-f88d-44a9-b261-8ff3ba7d4e26/resourceGroups/sarah-resources/providers/Microsoft.Network/virtualNetworks/sarah-network/subnets/sarah-subnet",
            "timeouts": null
          },
          "sensitive_attributes": [],
          "private": "eyJlMmJmYjczMC1lY2FhLTExZTYtOGY4OC0zNDM2M2JjN2M0YzAiOnsiY3JlYXRlIjoxODAwMDAwMDAwMDAwLCJkZWxldGUiOjE4MDAwMDAwMDAwMDAsInJlYWQiOjMwMDAwMDAwMDAwMCwidXBkYXRlIjoxODAwMDAwMDAwMDAwfX0=",
          "dependencies": [
            "azurerm_network_security_group.mewo-nsg",
            "azurerm_resource_group.mewo-rg",
            "azurerm_subnet.mewo-subnet",
            "azurerm_virtual_network.mewo-vnet"
          ]
        }
      ]
    },
    {
      "mode": "managed",
      "type": "azurerm_virtual_machine",
      "name": "mewo-vm",
      "provider": "provider[\"registry.terraform.io/hashicorp/azurerm\"]",
      "instances": [
        {
          "schema_version": 0,
          "attributes": {
            "additional_capabilities": [],
            "availability_set_id": null,
            "boot_diagnostics": [],
            "delete_data_disks_on_termination": true,
            "delete_os_disk_on_termination": true,
            "id": "/subscriptions/9315b2fe-f88d-44a9-b261-8ff3ba7d4e26/resourceGroups/sarah-resources/providers/Microsoft.Compute/virtualMachines/sarah-vm",
            "identity": [],
            "license_type": null,
            "location": "northeurope",
            "name": "sarah-vm",
            "network_interface_ids": [
              "/subscriptions/9315b2fe-f88d-44a9-b261-8ff3ba7d4e26/resourceGroups/sarah-resources/providers/Microsoft.Network/networkInterfaces/sarah-nic"
            ],
            "os_profile": [
              {
                "admin_password": "",
                "admin_username": "mewo-user",
                "computer_name": "mewo-vm01",
                "custom_data": ""
              }
            ],
            "os_profile_linux_config": [
              {
                "disable_password_authentication": true,
                "ssh_keys": [
                  {
                    "key_data": "ssh-rsa AAAAB3NzaC1yc2EAAAADAQABAAABAQCwV4NjGq5DtTKgEFEXmowEA04eGH23Urm6Kh4EYF9x7NBRdp3q+lXBxizN+GXXW5HnxuL4MNoeP++qyHkrGgBhusaBOKKo7HsEa5lx9gYwWhxU8RWwuW8bXebFKEfc9d3FE97QWPhDCerZIHprtYV8WpsWXhAQQ999oAEHYvKyYy57JiMXrWs9UvOi/bhQB4xdXqlg/YNFWg0qJg3OD0P37dXks00i/mXAuhMYo5tQvhPLqx156Ta5Oj/Q5MfO2vGV/Qo5FKD4l2crsjShzshLqJWIUPWWbBESdQ4rS6sfHszLfbMAiiuPQCxcY8SbcRxmPryECoBgJJ1g9NImgJ6p sarah@DESKTOP-2PB2MR5",
                    "path": "/home/mewo-user/.ssh/authorized_keys"
                  }
                ]
              }
            ],
            "os_profile_secrets": [],
            "os_profile_windows_config": [],
            "plan": [],
            "primary_network_interface_id": null,
            "proximity_placement_group_id": null,
            "resource_group_name": "sarah-resources",
            "storage_data_disk": [],
            "storage_image_reference": [
              {
                "id": "",
                "offer": "UbuntuServer",
                "publisher": "Canonical",
                "sku": "18.04-LTS",
                "version": "latest"
              }
            ],
            "storage_os_disk": [
              {
                "caching": "ReadWrite",
                "create_option": "FromImage",
                "disk_size_gb": 30,
                "image_uri": "",
                "managed_disk_id": "/subscriptions/9315b2fe-f88d-44a9-b261-8ff3ba7d4e26/resourceGroups/sarah-resources/providers/Microsoft.Compute/disks/myosdisk1",
                "managed_disk_type": "Standard_LRS",
                "name": "myosdisk1",
                "os_type": "Linux",
                "vhd_uri": "",
                "write_accelerator_enabled": false
              }
            ],
            "tags": {
              "environment": "demo",
              "label": "Virtual Machine",
              "owner": "sarah",
              "project": "MEWO"
            },
            "timeouts": null,
            "vm_size": "Standard_B1s",
            "zones": []
          },
          "sensitive_attributes": [],
          "private": "eyJlMmJmYjczMC1lY2FhLTExZTYtOGY4OC0zNDM2M2JjN2M0YzAiOnsiY3JlYXRlIjozNjAwMDAwMDAwMDAwLCJkZWxldGUiOjM2MDAwMDAwMDAwMDAsInJlYWQiOjMwMDAwMDAwMDAwMCwidXBkYXRlIjozNjAwMDAwMDAwMDAwfX0=",
          "dependencies": [
            "azurerm_network_interface.mewo-nic",
            "azurerm_public_ip.mewo-ip",
            "azurerm_resource_group.mewo-rg",
            "azurerm_subnet.mewo-subnet",
            "azurerm_virtual_network.mewo-vnet"
          ]
        }
      ]
    },
    {
      "mode": "managed",
      "type": "azurerm_virtual_network",
      "name": "mewo-vnet",
      "provider": "provider[\"registry.terraform.io/hashicorp/azurerm\"]",
      "instances": [
        {
          "schema_version": 0,
          "attributes": {
            "address_space": [
              "10.0.0.0/16"
            ],
            "bgp_community": "",
            "ddos_protection_plan": [],
            "dns_servers": [],
            "edge_zone": "",
            "flow_timeout_in_minutes": 0,
            "guid": "672dbdca-f1ab-4da2-a6f4-810d169d8857",
            "id": "/subscriptions/9315b2fe-f88d-44a9-b261-8ff3ba7d4e26/resourceGroups/sarah-resources/providers/Microsoft.Network/virtualNetworks/sarah-network",
            "location": "northeurope",
            "name": "sarah-network",
            "resource_group_name": "sarah-resources",
            "subnet": [
              {
                "address_prefix": "10.0.2.0/24",
                "id": "/subscriptions/9315b2fe-f88d-44a9-b261-8ff3ba7d4e26/resourceGroups/sarah-resources/providers/Microsoft.Network/virtualNetworks/sarah-network/subnets/sarah-subnet",
                "name": "sarah-subnet",
                "security_group": "/subscriptions/9315b2fe-f88d-44a9-b261-8ff3ba7d4e26/resourceGroups/sarah-resources/providers/Microsoft.Network/networkSecurityGroups/sarah-nsg"
              }
            ],
            "tags": {
              "environment": "demo",
              "label": "Virtual Network",
              "owner": "sarah",
              "project": "MEWO"
            },
            "timeouts": null
          },
          "sensitive_attributes": [],
          "private": "eyJlMmJmYjczMC1lY2FhLTExZTYtOGY4OC0zNDM2M2JjN2M0YzAiOnsiY3JlYXRlIjoxODAwMDAwMDAwMDAwLCJkZWxldGUiOjE4MDAwMDAwMDAwMDAsInJlYWQiOjMwMDAwMDAwMDAwMCwidXBkYXRlIjoxODAwMDAwMDAwMDAwfX0=",
          "dependencies": [
            "azurerm_resource_group.mewo-rg"
          ]
        }
      ]
    }
  ],
  "check_results": null
}
